# THIS IS AN AUTOGENERATED FILE. DO NOT EDIT THIS FILE DIRECTLY.
# yarn lockfile v1


cnchar-all@^2.0.4:
  version "2.0.4"
  resolved "http://r.cnpmjs.org/cnchar-all/download/cnchar-all-2.0.4.tgz#a732216362fb37d1f051c0817f59e1a5c91d2569"
  integrity sha1-pzIhY2L7N9HwUcCBf1nhpckdJWk=
  dependencies:
    cnchar "^2.0.4"
    cnchar-order "^2.0.4"
    cnchar-poly "^2.0.4"
    cnchar-trad "^2.0.4"

cnchar-order@^2.0.4:
  version "2.0.4"
  resolved "http://r.cnpmjs.org/cnchar-order/download/cnchar-order-2.0.4.tgz#343b3c30430e0fcda78e56ae76c9ef7fde71cee7"
  integrity sha1-NDs8MEMOD82njlaudsnvf95xzuc=

cnchar-poly@^2.0.4:
  version "2.0.4"
  resolved "http://r.cnpmjs.org/cnchar-poly/download/cnchar-poly-2.0.4.tgz#ba2f6801cb69c0ecf83fa67dfb8cc201a172beea"
  integrity sha1-ui9oActpwOz4P6Z9+4zCAaFyvuo=

cnchar-trad@^2.0.4:
  version "2.0.4"
  resolved "http://r.cnpmjs.org/cnchar-trad/download/cnchar-trad-2.0.4.tgz#784a1e05b086f58d02518cb2d5c27d7839383f0b"
  integrity sha1-eEoeBbCG9Y0CUYyy1cJ9eDk4Pws=

cnchar@^2.0.4:
  version "2.0.4"
  resolved "http://r.cnpmjs.org/cnchar/download/cnchar-2.0.4.tgz#2685fad80b48d0e486241b2d84dc6205cdc17a5b"
  integrity sha1-JoX62AtI0OSGJBsthNxiBc3Bels=

commander@~1.1.1:
  version "1.1.1"
  resolved "http://r.cnpmjs.org/commander/download/commander-1.1.1.tgz#50d1651868ae60eccff0a2d9f34595376bc6b041"
  integrity sha1-UNFlGGiuYOzP8KLZ80WVN2vGsEE=
  dependencies:
    keypress "0.1.x"

keypress@0.1.x:
  version "0.1.0"
  resolved "http://r.cnpmjs.org/keypress/download/keypress-0.1.0.tgz#4a3188d4291b66b4f65edb99f806aa9ae293592a"
  integrity sha1-SjGI1CkbZrT2XtuZ+AaqmuKTWSo=

nan@^2.14.0:
  version "2.14.0"
  resolved "http://r.cnpmjs.org/nan/download/nan-2.14.0.tgz#7818f722027b2459a86f0295d434d1fc2336c52c"
  integrity sha1-eBj3IgJ7JFmobwKV1DTR/CM2xSw=

nodejieba@^2.2.1, nodejieba@^2.3.3:
  version "2.3.3"
  resolved "http://r.cnpmjs.org/nodejieba/download/nodejieba-2.3.3.tgz#743fc196875b875822e22a299353cac8e0d04777"
  integrity sha1-dD/Blodbh1gi4iopk1PKyODQR3c=
  dependencies:
    nan "^2.14.0"

object-assign@^4.0.1:
  version "4.1.1"
  resolved "http://r.cnpmjs.org/object-assign/download/object-assign-4.1.1.tgz#2109adc7965887cfc05cbbd442cac8bfbb360863"
  integrity sha1-IQmtx5ZYh8/AXLvUQsrIv7s2CGM=

pinyin@^2.9.0:
  version "2.9.0"
  resolved "http://r.cnpmjs.org/pinyin/download/pinyin-2.9.0.tgz#1e77025bf4fafdad4ea410022837b5f97e53aab1"
  integrity sha1-HncCW/T6/a1OpBACKDe1+X5TqrE=
  dependencies:
    commander "~1.1.1"
    object-assign "^4.0.1"
  optionalDependencies:
    nodejieba "^2.2.1"
